
Microsoft Visual Studio Solution File, Format Version 12.00
# Visual Studio Version 16
VisualStudioVersion = 16.0.29326.143
MinimumVisualStudioVersion = 10.0.40219.1
Project("{9A19103F-16F7-4668-BE54-9A1E7A4F7556}") = "Unidevel.Extensions.Networking.RestClient", "src\Unidevel.Extensions.Networking.RestClient\Unidevel.Extensions.Networking.RestClient.csproj", "{A40BE93A-4369-4A30-BF7D-F62FC642B383}"
EndProject
Project("{9A19103F-16F7-4668-BE54-9A1E7A4F7556}") = "Unidevel.Extensions.Networking.JwtToken", "src\Unidevel.Extensions.Networking.JwtToken\Unidevel.Extensions.Networking.JwtToken.csproj", "{63799591-9335-455B-B496-129BDF2F2167}"
EndProject
Project("{FAE04EC0-301F-11D3-BF4B-00C04F79EFBC}") = "Unidevel.Extensions.Networking.RestClient.Tests", "test\Unidevel.Extensions.Networking.RestClient.Tests\Unidevel.Extensions.Networking.RestClient.Tests.csproj", "{FCAE4D32-3733-44D8-8EC7-2852C9AED82E}"
EndProject
Global
	GlobalSection(SolutionConfigurationPlatforms) = preSolution
		Debug|Any CPU = Debug|Any CPU
		Release|Any CPU = Release|Any CPU
	EndGlobalSection
	GlobalSection(ProjectConfigurationPlatforms) = postSolution
		{A40BE93A-4369-4A30-BF7D-F62FC642B383}.Debug|Any CPU.ActiveCfg = Debug|Any CPU
		{A40BE93A-4369-4A30-BF7D-F62FC642B383}.Debug|Any CPU.Build.0 = Debug|Any CPU
		{A40BE93A-4369-4A30-BF7D-F62FC642B383}.Release|Any CPU.ActiveCfg = Release|Any CPU
		{A40BE93A-4369-4A30-BF7D-F62FC642B383}.Release|Any CPU.Build.0 = Release|Any CPU
		{63799591-9335-455B-B496-129BDF2F2167}.Debug|Any CPU.ActiveCfg = Debug|Any CPU
		{63799591-9335-455B-B496-129BDF2F2167}.Debug|Any CPU.Build.0 = Debug|Any CPU
		{63799591-9335-455B-B496-129BDF2F2167}.Release|Any CPU.ActiveCfg = Release|Any CPU
		{63799591-9335-455B-B496-129BDF2F2167}.Release|Any CPU.Build.0 = Release|Any CPU
		{FCAE4D32-3733-44D8-8EC7-2852C9AED82E}.Debug|Any CPU.ActiveCfg = Debug|Any CPU
		{FCAE4D32-3733-44D8-8EC7-2852C9AED82E}.Debug|Any CPU.Build.0 = Debug|Any CPU
		{FCAE4D32-3733-44D8-8EC7-2852C9AED82E}.Release|Any CPU.ActiveCfg = Release|Any CPU
		{FCAE4D32-3733-44D8-8EC7-2852C9AED82E}.Release|Any CPU.Build.0 = Release|Any CPU
	EndGlobalSection
	GlobalSection(SolutionProperties) = preSolution
		HideSolutionNode = FALSE
	EndGlobalSection
	GlobalSection(ExtensibilityGlobals) = postSolution
		SolutionGuid = {9040FDC5-3B9B-4DE8-81EC-3A0E31455338}
	EndGlobalSection
EndGlobal
